// !$*UTF8*$!
{
	archiveVersion = 1;
	classes = {
	};
	objectVersion = 46;
	objects = {

/* Begin PBXBuildFile section */
		CB29EDEB1E6EC3800018FFA5 /* AppDelegate.swift in Sources */ = {isa = PBXBuildFile; fileRef = CB29EDEA1E6EC3800018FFA5 /* AppDelegate.swift */; };
		CB29EDED1E6EC3800018FFA5 /* ViewController.swift in Sources */ = {isa = PBXBuildFile; fileRef = CB29EDEC1E6EC3800018FFA5 /* ViewController.swift */; };
		CB29EDEF1E6EC3800018FFA5 /* Document.swift in Sources */ = {isa = PBXBuildFile; fileRef = CB29EDEE1E6EC3800018FFA5 /* Document.swift */; };
		CB29EDF11E6EC3800018FFA5 /* Assets.xcassets in Resources */ = {isa = PBXBuildFile; fileRef = CB29EDF01E6EC3800018FFA5 /* Assets.xcassets */; };
		CB29EDF41E6EC3800018FFA5 /* Main.storyboard in Resources */ = {isa = PBXBuildFile; fileRef = CB29EDF21E6EC3800018FFA5 /* Main.storyboard */; };
		CB29EDFC1E6ED1500018FFA5 /* Log.swift in Sources */ = {isa = PBXBuildFile; fileRef = CB29EDFB1E6ED1500018FFA5 /* Log.swift */; };
/* End PBXBuildFile section */

/* Begin PBXFileReference section */
		CB29EDE71E6EC3800018FFA5 /* CsvToBinary.app */ = {isa = PBXFileReference; explicitFileType = wrapper.application; includeInIndex = 0; path = CsvToBinary.app; sourceTree = BUILT_PRODUCTS_DIR; };
		CB29EDEA1E6EC3800018FFA5 /* AppDelegate.swift */ = {isa = PBXFileReference; lastKnownFileType = sourcecode.swift; path = AppDelegate.swift; sourceTree = "<group>"; };
		CB29EDEC1E6EC3800018FFA5 /* ViewController.swift */ = {isa = PBXFileReference; lastKnownFileType = sourcecode.swift; path = ViewController.swift; sourceTree = "<group>"; };
		CB29EDEE1E6EC3800018FFA5 /* Document.swift */ = {isa = PBXFileReference; lastKnownFileType = sourcecode.swift; path = Document.swift; sourceTree = "<group>"; };
		CB29EDF01E6EC3800018FFA5 /* Assets.xcassets */ = {isa = PBXFileReference; lastKnownFileType = folder.assetcatalog; path = Assets.xcassets; sourceTree = "<group>"; };
		CB29EDF31E6EC3800018FFA5 /* Base */ = {isa = PBXFileReference; lastKnownFileType = file.storyboard; name = Base; path = Base.lproj/Main.storyboard; sourceTree = "<group>"; };
		CB29EDF51E6EC3800018FFA5 /* Info.plist */ = {isa = PBXFileReference; lastKnownFileType = text.plist.xml; path = Info.plist; sourceTree = "<group>"; };
		CB29EDFB1E6ED1500018FFA5 /* Log.swift */ = {isa = PBXFileReference; fileEncoding = 4; lastKnownFileType = sourcecode.swift; path = Log.swift; sourceTree = "<group>"; };
/* End PBXFileReference section */

/* Begin PBXFrameworksBuildPhase section */
		CB29EDE41E6EC3800018FFA5 /* Frameworks */ = {
			isa = PBXFrameworksBuildPhase;
			buildActionMask = 2147483647;
			files = (
			);
			runOnlyForDeploymentPostprocessing = 0;
		};
/* End PBXFrameworksBuildPhase section */

/* Begin PBXGroup section */
		CB29EDDE1E6EC3800018FFA5 = {
			isa = PBXGroup;
			children = (
				CB29EDE91E6EC3800018FFA5 /* CsvToBinary */,
				CB29EDE81E6EC3800018FFA5 /* Products */,
			);
			sourceTree = "<group>";
		};
		CB29EDE81E6EC3800018FFA5 /* Products */ = {
			isa = PBXGroup;
			children = (
				CB29EDE71E6EC3800018FFA5 /* CsvToBinary.app */,
			);
			name = Products;
			sourceTree = "<group>";
		};
		CB29EDE91E6EC3800018FFA5 /* CsvToBinary */ = {
			isa = PBXGroup;
			children = (
				CB29EDFB1E6ED1500018FFA5 /* Log.swift */,
				CB29EDEA1E6EC3800018FFA5 /* AppDelegate.swift */,
				CB29EDEC1E6EC3800018FFA5 /* ViewController.swift */,
				CB29EDEE1E6EC3800018FFA5 /* Document.swift */,
				CB29EDF01E6EC3800018FFA5 /* Assets.xcassets */,
				CB29EDF21E6EC3800018FFA5 /* Main.storyboard */,
				CB29EDF51E6EC3800018FFA5 /* Info.plist */,
			);
			path = CsvToBinary;
			sourceTree = "<group>";
		};
/* End PBXGroup section */

/* Begin PBXNativeTarget section */
		CB29EDE61E6EC3800018FFA5 /* CsvToBinary */ = {
			isa = PBXNativeTarget;
			buildConfigurationList = CB29EDF81E6EC3800018FFA5 /* Build configuration list for PBXNativeTarget "CsvToBinary" */;
			buildPhases = (
				CB29EDE31E6EC3800018FFA5 /* Sources */,
				CB29EDE41E6EC3800018FFA5 /* Frameworks */,
				CB29EDE51E6EC3800018FFA5 /* Resources */,
			);
			buildRules = (
			);
			dependencies = (
			);
			name = CsvToBinary;
			productName = CsvToBinary;
			productReference = CB29EDE71E6EC3800018FFA5 /* CsvToBinary.app */;
			productType = "com.apple.product-type.application";
		};
/* End PBXNativeTarget section */

/* Begin PBXProject section */
		CB29EDDF1E6EC3800018FFA5 /* Project object */ = {
			isa = PBXProject;
			attributes = {
				LastSwiftUpdateCheck = 0820;
				LastUpgradeCheck = 1020;
				ORGANIZATIONNAME = pervushyn.a;
				TargetAttributes = {
					CB29EDE61E6EC3800018FFA5 = {
						CreatedOnToolsVersion = 8.2.1;
						ProvisioningStyle = Automatic;
					};
				};
			};
			buildConfigurationList = CB29EDE21E6EC3800018FFA5 /* Build configuration list for PBXProject "CsvToBinary" */;
			compatibilityVersion = "Xcode 3.2";
			developmentRegion = English;
			hasScannedForEncodings = 0;
			knownRegions = (
				English,
				en,
				Base,
			);
			mainGroup = CB29EDDE1E6EC3800018FFA5;
			productRefGroup = CB29EDE81E6EC3800018FFA5 /* Products */;
			projectDirPath = "";
			projectRoot = "";
			targets = (
				CB29EDE61E6EC3800018FFA5 /* CsvToBinary */,
			);
		};
/* End PBXProject section */

/* Begin PBXResourcesBuildPhase section */
		CB29EDE51E6EC3800018FFA5 /* Resources */ = {
			isa = PBXResourcesBuildPhase;
			buildActionMask = 2147483647;
			files = (
				CB29EDF11E6EC3800018FFA5 /* Assets.xcassets in Resources */,
				CB29EDF41E6EC3800018FFA5 /* Main.storyboard in Resources */,
			);
			runOnlyForDeploymentPostprocessing = 0;
		};
/* End PBXResourcesBuildPhase section */

/* Begin PBXSourcesBuildPhase section */
		CB29EDE31E6EC3800018FFA5 /* Sources */ = {
			isa = PBXSourcesBuildPhase;
			buildActionMask = 2147483647;
			files = (
				CB29EDED1E6EC3800018FFA5 /* ViewController.swift in Sources */,
				CB29EDEB1E6EC3800018FFA5 /* AppDelegate.swift in Sources */,
				CB29EDFC1E6ED1500018FFA5 /* Log.swift in Sources */,
				CB29EDEF1E6EC3800018FFA5 /* Document.swift in Sources */,
			);
			runOnlyForDeploymentPostprocessing = 0;
		};
/* End PBXSourcesBuildPhase section */

/* Begin PBXVariantGroup section */
		CB29EDF21E6EC3800018FFA5 /* Main.storyboard */ = {
			isa = PBXVariantGroup;
			children = (
				CB29EDF31E6EC3800018FFA5 /* Base */,
			);
			name = Main.storyboard;
			sourceTree = "<group>";
		};
/* End PBXVariantGroup section */

/* Begin XCBuildConfiguration section */
		CB29EDF61E6EC3800018FFA5 /* Debug */ = {
			isa = XCBuildConfiguration;
			buildSettings = {
				ALWAYS_SEARCH_USER_PATHS = NO;
				CLANG_ANALYZER_LOCALIZABILITY_NONLOCALIZED = YES;
				CLANG_ANALYZER_NONNULL = YES;
				CLANG_CXX_LANGUAGE_STANDARD = "gnu++0x";
				CLANG_CXX_LIBRARY = "libc++";
				CLANG_ENABLE_MODULES = YES;
				CLANG_ENABLE_OBJC_ARC = YES;
				CLANG_WARN_BLOCK_CAPTURE_AUTORELEASING = YES;
				CLANG_WARN_BOOL_CONVERSION = YES;
				CLANG_WARN_COMMA = YES;
				CLANG_WARN_CONSTANT_CONVERSION = YES;
				CLANG_WARN_DEPRECATED_OBJC_IMPLEMENTATIONS = YES;
				CLANG_WARN_DIRECT_OBJC_ISA_USAGE = YES_ERROR;
				CLANG_WARN_DOCUMENTATION_COMMENTS = YES;
				CLANG_WARN_EMPTY_BODY = YES;
				CLANG_WARN_ENUM_CONVERSION = YES;
				CLANG_WARN_INFINITE_RECURSION = YES;
				CLANG_WARN_INT_CONVERSION = YES;
				CLANG_WARN_NON_LITERAL_NULL_CONVERSION = YES;
				CLANG_WARN_OBJC_IMPLICIT_RETAIN_SELF = YES;
				CLANG_WARN_OBJC_LITERAL_CONVERSION = YES;
				CLANG_WARN_OBJC_ROOT_CLASS = YES_ERROR;
				CLANG_WARN_RANGE_LOOP_ANALYSIS = YES;
				CLANG_WARN_STRICT_PROTOTYPES = YES;
				CLANG_WARN_SUSPICIOUS_MOVE = YES;
				CLANG_WARN_UNREACHABLE_CODE = YES;
				CLANG_WARN__DUPLICATE_METHOD_MATCH = YES;
				CODE_SIGN_IDENTITY = "-";
				COPY_PHASE_STRIP = NO;
				DEBUG_INFORMATION_FORMAT = dwarf;
				ENABLE_STRICT_OBJC_MSGSEND = YES;
				ENABLE_TESTABILITY = YES;
				GCC_C_LANGUAGE_STANDARD = gnu99;
				GCC_DYNAMIC_NO_PIC = NO;
				GCC_NO_COMMON_BLOCKS = YES;
				GCC_OPTIMIZATION_LEVEL = 0;
				GCC_PREPROCESSOR_DEFINITIONS = (
					"DEBUG=1",
					"$(inherited)",
				);
				GCC_WARN_64_TO_32_BIT_CONVERSION = YES;
				GCC_WARN_ABOUT_RETURN_TYPE = YES_ERROR;
				GCC_WARN_UNDECLARED_SELECTOR = YES;
				GCC_WARN_UNINITIALIZED_AUTOS = YES_AGGRESSIVE;
				GCC_WARN_UNUSED_FUNCTION = YES;
				GCC_WARN_UNUSED_VARIABLE = YES;
				MACOSX_DEPLOYMENT_TARGET = 10.12;
				MTL_ENABLE_DEBUG_INFO = YES;
				ONLY_ACTIVE_ARCH = YES;
				SDKROOT = macosx;
				SWIFT_ACTIVE_COMPILATION_CONDITIONS = DEBUG;
				SWIFT_OPTIMIZATION_LEVEL = "-Onone";
			};
			name = Debug;
		};
		CB29EDF71E6EC3800018FFA5 /* Release */ = {
			isa = XCBuildConfiguration;
			buildSettings = {
				ALWAYS_SEARCH_USER_PATHS = NO;
				CLANG_ANALYZER_LOCALIZABILITY_NONLOCALIZED = YES;
				CLANG_ANALYZER_NONNULL = YES;
				CLANG_CXX_LANGUAGE_STANDARD = "gnu++0x";
				CLANG_CXX_LIBRARY = "libc++";
				CLANG_ENABLE_MODULES = YES;
				CLANG_ENABLE_OBJC_ARC = YES;
				CLANG_WARN_BLOCK_CAPTURE_AUTORELEASING = YES;
				CLANG_WARN_BOOL_CONVERSION = YES;
				CLANG_WARN_COMMA = YES;
				CLANG_WARN_CONSTANT_CONVERSION = YES;
				CLANG_WARN_DEPRECATED_OBJC_IMPLEMENTATIONS = YES;
				CLANG_WARN_DIRECT_OBJC_ISA_USAGE = YES_ERROR;
				CLANG_WARN_DOCUMENTATION_COMMENTS = YES;
				CLANG_WARN_EMPTY_BODY = YES;
				CLANG_WARN_ENUM_CONVERSION = YES;
				CLANG_WARN_INFINITE_RECURSION = YES;
				CLANG_WARN_INT_CONVERSION = YES;
				CLANG_WARN_NON_LITERAL_NULL_CONVERSION = YES;
				CLANG_WARN_OBJC_IMPLICIT_RETAIN_SELF = YES;
				CLANG_WARN_OBJC_LITERAL_CONVERSION = YES;
				CLANG_WARN_OBJC_ROOT_CLASS = YES_ERROR;
				CLANG_WARN_RANGE_LOOP_ANALYSIS = YES;
				CLANG_WARN_STRICT_PROTOTYPES = YES;
				CLANG_WARN_SUSPICIOUS_MOVE = YES;
				CLANG_WARN_UNREACHABLE_CODE = YES;
				CLANG_WARN__DUPLICATE_METHOD_MATCH = YES;
				CODE_SIGN_IDENTITY = "-";
				COPY_PHASE_STRIP = NO;
				DEBUG_INFORMATION_FORMAT = "dwarf-with-dsym";
				ENABLE_NS_ASSERTIONS = NO;
				ENABLE_STRICT_OBJC_MSGSEND = YES;
				GCC_C_LANGUAGE_STANDARD = gnu99;
				GCC_NO_COMMON_BLOCKS = YES;
				GCC_WARN_64_TO_32_BIT_CONVERSION = YES;
				GCC_WARN_ABOUT_RETURN_TYPE = YES_ERROR;
				GCC_WARN_UNDECLARED_SELECTOR = YES;
				GCC_WARN_UNINITIALIZED_AUTOS = YES_AGGRESSIVE;
				GCC_WARN_UNUSED_FUNCTION = YES;
				GCC_WARN_UNUSED_VARIABLE = YES;
				MACOSX_DEPLOYMENT_TARGET = 10.12;
				MTL_ENABLE_DEBUG_INFO = NO;
				SDKROOT = macosx;
				SWIFT_OPTIMIZATION_LEVEL = "-Owholemodule";
			};
			name = Release;
		};
		CB29EDF91E6EC3800018FFA5 /* Debug */ = {
			isa = XCBuildConfiguration;
			buildSettings = {
				ASSETCATALOG_COMPILER_APPICON_NAME = AppIcon;
				COMBINE_HIDPI_IMAGES = YES;
				INFOPLIST_FILE = CsvToBinary/Info.plist;
				LD_RUNPATH_SEARCH_PATHS = "$(inherited) @executable_path/../Frameworks";
				PRODUCT_BUNDLE_IDENTIFIER = com.icatsoluitons.CsvToBinary;
				PRODUCT_NAME = "$(TARGET_NAME)";
				SWIFT_VERSION = 5.0;
			};
			name = Debug;
		};
		CB29EDFA1E6EC3800018FFA5 /* Release */ = {
			isa = XCBuildConfiguration;
			buildSettings = {
				ASSETCATALOG_COMPILER_APPICON_NAME = AppIcon;
				COMBINE_HIDPI_IMAGES = YES;
				INFOPLIST_FILE = CsvToBinary/Info.plist;
				LD_RUNPATH_SEARCH_PATHS = "$(inherited) @executable_path/../Frameworks";
				PRODUCT_BUNDLE_IDENTIFIER = com.icatsoluitons.CsvToBinary;
				PRODUCT_NAME = "$(TARGET_NAME)";
				SWIFT_VERSION = 5.0;
			};
			name = Release;
		};
/* End XCBuildConfiguration section */

/* Begin XCConfigurationList section */
		CB29EDE21E6EC3800018FFA5 /* Build configuration list for PBXProject "CsvToBinary" */ = {
			isa = XCConfigurationList;
			buildConfigurations = (
				CB29EDF61E6EC3800018FFA5 /* Debug */,
				CB29EDF71E6EC3800018FFA5 /* Release */,
			);
			defaultConfigurationIsVisible = 0;
			defaultConfigurationName = Release;
		};
		CB29EDF81E6EC3800018FFA5 /* Build configuration list for PBXNativeTarget "CsvToBinary" */ = {
			isa = XCConfigurationList;
			buildConfigurations = (
				CB29EDF91E6EC3800018FFA5 /* Debug */,
				CB29EDFA1E6EC3800018FFA5 /* Release */,
			);
			defaultConfigurationIsVisible = 0;
			defaultConfigurationName = Release;
		};
/* End XCConfigurationList section */
	};
	rootObject = CB29EDDF1E6EC3800018FFA5 /* Project object */;
}
